// !$*UTF8*$!
{
	archiveVersion = 1;
	classes = {
	};
	objectVersion = 56;
	objects = {

/* Begin PBXBuildFile section */
		FCC2E1D32955E49E00808014 /* AppDelegate.swift in Sources */ = {isa = PBXBuildFile; fileRef = FCC2E1D22955E49E00808014 /* AppDelegate.swift */; };
		FCC2E1D52955E49E00808014 /* SceneDelegate.swift in Sources */ = {isa = PBXBuildFile; fileRef = FCC2E1D42955E49E00808014 /* SceneDelegate.swift */; };
		FCC2E1D72955E49E00808014 /* ViewController.swift in Sources */ = {isa = PBXBuildFile; fileRef = FCC2E1D62955E49E00808014 /* ViewController.swift */; };
		FCC2E1DA2955E49E00808014 /* Main.storyboard in Resources */ = {isa = PBXBuildFile; fileRef = FCC2E1D82955E49E00808014 /* Main.storyboard */; };
		FCC2E1DC2955E4A000808014 /* Assets.xcassets in Resources */ = {isa = PBXBuildFile; fileRef = FCC2E1DB2955E4A000808014 /* Assets.xcassets */; };
		FCC2E1DF2955E4A000808014 /* LaunchScreen.storyboard in Resources */ = {isa = PBXBuildFile; fileRef = FCC2E1DD2955E4A000808014 /* LaunchScreen.storyboard */; };
		FCC2E1E72955E64800808014 /* Model.swift in Sources */ = {isa = PBXBuildFile; fileRef = FCC2E1E62955E64800808014 /* Model.swift */; };
		FCC2E1E92955EE6F00808014 /* RawData.json in Resources */ = {isa = PBXBuildFile; fileRef = FCC2E1E82955EE6F00808014 /* RawData.json */; };
/* End PBXBuildFile section */

/* Begin PBXFileReference section */
		FCC2E1CF2955E49E00808014 /* HomeWork 8 @IMeanHi.app */ = {isa = PBXFileReference; explicitFileType = wrapper.application; includeInIndex = 0; path = "HomeWork 8 @IMeanHi.app"; sourceTree = BUILT_PRODUCTS_DIR; };
		FCC2E1D22955E49E00808014 /* AppDelegate.swift */ = {isa = PBXFileReference; lastKnownFileType = sourcecode.swift; path = AppDelegate.swift; sourceTree = "<group>"; };
		FCC2E1D42955E49E00808014 /* SceneDelegate.swift */ = {isa = PBXFileReference; lastKnownFileType = sourcecode.swift; path = SceneDelegate.swift; sourceTree = "<group>"; };
		FCC2E1D62955E49E00808014 /* ViewController.swift */ = {isa = PBXFileReference; lastKnownFileType = sourcecode.swift; path = ViewController.swift; sourceTree = "<group>"; };
		FCC2E1D92955E49E00808014 /* Base */ = {isa = PBXFileReference; lastKnownFileType = file.storyboard; name = Base; path = Base.lproj/Main.storyboard; sourceTree = "<group>"; };
		FCC2E1DB2955E4A000808014 /* Assets.xcassets */ = {isa = PBXFileReference; lastKnownFileType = folder.assetcatalog; path = Assets.xcassets; sourceTree = "<group>"; };
		FCC2E1DE2955E4A000808014 /* Base */ = {isa = PBXFileReference; lastKnownFileType = file.storyboard; name = Base; path = Base.lproj/LaunchScreen.storyboard; sourceTree = "<group>"; };
		FCC2E1E02955E4A000808014 /* Info.plist */ = {isa = PBXFileReference; lastKnownFileType = text.plist.xml; path = Info.plist; sourceTree = "<group>"; };
		FCC2E1E62955E64800808014 /* Model.swift */ = {isa = PBXFileReference; lastKnownFileType = sourcecode.swift; path = Model.swift; sourceTree = "<group>"; };
		FCC2E1E82955EE6F00808014 /* RawData.json */ = {isa = PBXFileReference; fileEncoding = 4; lastKnownFileType = text.json; path = RawData.json; sourceTree = "<group>"; };
/* End PBXFileReference section */

/* Begin PBXFrameworksBuildPhase section */
		FCC2E1CC2955E49E00808014 /* Frameworks */ = {
			isa = PBXFrameworksBuildPhase;
			buildActionMask = 2147483647;
			files = (
			);
			runOnlyForDeploymentPostprocessing = 0;
		};
/* End PBXFrameworksBuildPhase section */

/* Begin PBXGroup section */
		FCC2E1C62955E49E00808014 = {
			isa = PBXGroup;
			children = (
				FCC2E1D12955E49E00808014 /* HomeWork 8 @IMeanHi */,
				FCC2E1D02955E49E00808014 /* Products */,
			);
			sourceTree = "<group>";
		};
		FCC2E1D02955E49E00808014 /* Products */ = {
			isa = PBXGroup;
			children = (
				FCC2E1CF2955E49E00808014 /* HomeWork 8 @IMeanHi.app */,
			);
			name = Products;
			sourceTree = "<group>";
		};
		FCC2E1D12955E49E00808014 /* HomeWork 8 @IMeanHi */ = {
			isa = PBXGroup;
			children = (
				FCC2E1E82955EE6F00808014 /* RawData.json */,
				FCC2E1D22955E49E00808014 /* AppDelegate.swift */,
				FCC2E1D42955E49E00808014 /* SceneDelegate.swift */,
				FCC2E1D62955E49E00808014 /* ViewController.swift */,
				FCC2E1D82955E49E00808014 /* Main.storyboard */,
				FCC2E1DB2955E4A000808014 /* Assets.xcassets */,
				FCC2E1DD2955E4A000808014 /* LaunchScreen.storyboard */,
				FCC2E1E02955E4A000808014 /* Info.plist */,
				FCC2E1E62955E64800808014 /* Model.swift */,
			);
			path = "HomeWork 8 @IMeanHi";
			sourceTree = "<group>";
		};
/* End PBXGroup section */

/* Begin PBXNativeTarget section */
		FCC2E1CE2955E49E00808014 /* HomeWork 8 @IMeanHi */ = {
			isa = PBXNativeTarget;
			buildConfigurationList = FCC2E1E32955E4A000808014 /* Build configuration list for PBXNativeTarget "HomeWork 8 @IMeanHi" */;
			buildPhases = (
				FCC2E1CB2955E49E00808014 /* Sources */,
				FCC2E1CC2955E49E00808014 /* Frameworks */,
				FCC2E1CD2955E49E00808014 /* Resources */,
			);
			buildRules = (
			);
			dependencies = (
			);
			name = "HomeWork 8 @IMeanHi";
			productName = "HomeWork 8 @IMeanHi";
			productReference = FCC2E1CF2955E49E00808014 /* HomeWork 8 @IMeanHi.app */;
			productType = "com.apple.product-type.application";
		};
/* End PBXNativeTarget section */

/* Begin PBXProject section */
		FCC2E1C72955E49E00808014 /* Project object */ = {
			isa = PBXProject;
			attributes = {
				BuildIndependentTargetsInParallel = 1;
				LastSwiftUpdateCheck = 1410;
				LastUpgradeCheck = 1410;
				TargetAttributes = {
					FCC2E1CE2955E49E00808014 = {
						CreatedOnToolsVersion = 14.1;
					};
				};
			};
			buildConfigurationList = FCC2E1CA2955E49E00808014 /* Build configuration list for PBXProject "HomeWork 8 @IMeanHi" */;
			compatibilityVersion = "Xcode 14.0";
			developmentRegion = en;
			hasScannedForEncodings = 0;
			knownRegions = (
				en,
				Base,
			);
			mainGroup = FCC2E1C62955E49E00808014;
			productRefGroup = FCC2E1D02955E49E00808014 /* Products */;
			projectDirPath = "";
			projectRoot = "";
			targets = (
				FCC2E1CE2955E49E00808014 /* HomeWork 8 @IMeanHi */,
			);
		};
/* End PBXProject section */

/* Begin PBXResourcesBuildPhase section */
		FCC2E1CD2955E49E00808014 /* Resources */ = {
			isa = PBXResourcesBuildPhase;
			buildActionMask = 2147483647;
			files = (
				FCC2E1E92955EE6F00808014 /* RawData.json in Resources */,
				FCC2E1DF2955E4A000808014 /* LaunchScreen.storyboard in Resources */,
				FCC2E1DC2955E4A000808014 /* Assets.xcassets in Resources */,
				FCC2E1DA2955E49E00808014 /* Main.storyboard in Resources */,
			);
			runOnlyForDeploymentPostprocessing = 0;
		};
/* End PBXResourcesBuildPhase section */

/* Begin PBXSourcesBuildPhase section */
		FCC2E1CB2955E49E00808014 /* Sources */ = {
			isa = PBXSourcesBuildPhase;
			buildActionMask = 2147483647;
			files = (
				FCC2E1D72955E49E00808014 /* ViewController.swift in Sources */,
				FCC2E1D32955E49E00808014 /* AppDelegate.swift in Sources */,
				FCC2E1D52955E49E00808014 /* SceneDelegate.swift in Sources */,
				FCC2E1E72955E64800808014 /* Model.swift in Sources */,
			);
			runOnlyForDeploymentPostprocessing = 0;
		};
/* End PBXSourcesBuildPhase section */

/* Begin PBXVariantGroup section */
		FCC2E1D82955E49E00808014 /* Main.storyboard */ = {
			isa = PBXVariantGroup;
			children = (
				FCC2E1D92955E49E00808014 /* Base */,
			);
			name = Main.storyboard;
			sourceTree = "<group>";
		};
		FCC2E1DD2955E4A000808014 /* LaunchScreen.storyboard */ = {
			isa = PBXVariantGroup;
			children = (
				FCC2E1DE2955E4A000808014 /* Base */,
			);
			name = LaunchScreen.storyboard;
			sourceTree = "<group>";
		};
/* End PBXVariantGroup section */

/* Begin XCBuildConfiguration section */
		FCC2E1E12955E4A000808014 /* Debug */ = {
			isa = XCBuildConfiguration;
			buildSettings = {
				ALWAYS_SEARCH_USER_PATHS = NO;
				CLANG_ANALYZER_NONNULL = YES;
				CLANG_ANALYZER_NUMBER_OBJECT_CONVERSION = YES_AGGRESSIVE;
				CLANG_CXX_LANGUAGE_STANDARD = "gnu++20";
				CLANG_ENABLE_MODULES = YES;
				CLANG_ENABLE_OBJC_ARC = YES;
				CLANG_ENABLE_OBJC_WEAK = YES;
				CLANG_WARN_BLOCK_CAPTURE_AUTORELEASING = YES;
				CLANG_WARN_BOOL_CONVERSION = YES;
				CLANG_WARN_COMMA = YES;
				CLANG_WARN_CONSTANT_CONVERSION = YES;
				CLANG_WARN_DEPRECATED_OBJC_IMPLEMENTATIONS = YES;
				CLANG_WARN_DIRECT_OBJC_ISA_USAGE = YES_ERROR;
				CLANG_WARN_DOCUMENTATION_COMMENTS = YES;
				CLANG_WARN_EMPTY_BODY = YES;
				CLANG_WARN_ENUM_CONVERSION = YES;
				CLANG_WARN_INFINITE_RECURSION = YES;
				CLANG_WARN_INT_CONVERSION = YES;
				CLANG_WARN_NON_LITERAL_NULL_CONVERSION = YES;
				CLANG_WARN_OBJC_IMPLICIT_RETAIN_SELF = YES;
				CLANG_WARN_OBJC_LITERAL_CONVERSION = YES;
				CLANG_WARN_OBJC_ROOT_CLASS = YES_ERROR;
				CLANG_WARN_QUOTED_INCLUDE_IN_FRAMEWORK_HEADER = YES;
				CLANG_WARN_RANGE_LOOP_ANALYSIS = YES;
				CLANG_WARN_STRICT_PROTOTYPES = YES;
				CLANG_WARN_SUSPICIOUS_MOVE = YES;
				CLANG_WARN_UNGUARDED_AVAILABILITY = YES_AGGRESSIVE;
				CLANG_WARN_UNREACHABLE_CODE = YES;
				CLANG_WARN__DUPLICATE_METHOD_MATCH = YES;
				COPY_PHASE_STRIP = NO;
				DEBUG_INFORMATION_FORMAT = dwarf;
				ENABLE_STRICT_OBJC_MSGSEND = YES;
				ENABLE_TESTABILITY = YES;
				GCC_C_LANGUAGE_STANDARD = gnu11;
				GCC_DYNAMIC_NO_PIC = NO;
				GCC_NO_COMMON_BLOCKS = YES;
				GCC_OPTIMIZATION_LEVEL = 0;
				GCC_PREPROCESSOR_DEFINITIONS = (
					"DEBUG=1",
					"$(inherited)",
				);
				GCC_WARN_64_TO_32_BIT_CONVERSION = YES;
				GCC_WARN_ABOUT_RETURN_TYPE = YES_ERROR;
				GCC_WARN_UNDECLARED_SELECTOR = YES;
				GCC_WARN_UNINITIALIZED_AUTOS = YES_AGGRESSIVE;
				GCC_WARN_UNUSED_FUNCTION = YES;
				GCC_WARN_UNUSED_VARIABLE = YES;
				IPHONEOS_DEPLOYMENT_TARGET = 16.1;
				MTL_ENABLE_DEBUG_INFO = INCLUDE_SOURCE;
				MTL_FAST_MATH = YES;
				ONLY_ACTIVE_ARCH = YES;
				SDKROOT = iphoneos;
				SWIFT_ACTIVE_COMPILATION_CONDITIONS = DEBUG;
				SWIFT_OPTIMIZATION_LEVEL = "-Onone";
			};
			name = Debug;
		};
		FCC2E1E22955E4A000808014 /* Release */ = {
			isa = XCBuildConfiguration;
			buildSettings = {
				ALWAYS_SEARCH_USER_PATHS = NO;
				CLANG_ANALYZER_NONNULL = YES;
				CLANG_ANALYZER_NUMBER_OBJECT_CONVERSION = YES_AGGRESSIVE;
				CLANG_CXX_LANGUAGE_STANDARD = "gnu++20";
				CLANG_ENABLE_MODULES = YES;
				CLANG_ENABLE_OBJC_ARC = YES;
				CLANG_ENABLE_OBJC_WEAK = YES;
				CLANG_WARN_BLOCK_CAPTURE_AUTORELEASING = YES;
				CLANG_WARN_BOOL_CONVERSION = YES;
				CLANG_WARN_COMMA = YES;
				CLANG_WARN_CONSTANT_CONVERSION = YES;
				CLANG_WARN_DEPRECATED_OBJC_IMPLEMENTATIONS = YES;
				CLANG_WARN_DIRECT_OBJC_ISA_USAGE = YES_ERROR;
				CLANG_WARN_DOCUMENTATION_COMMENTS = YES;
				CLANG_WARN_EMPTY_BODY = YES;
				CLANG_WARN_ENUM_CONVERSION = YES;
				CLANG_WARN_INFINITE_RECURSION = YES;
				CLANG_WARN_INT_CONVERSION = YES;
				CLANG_WARN_NON_LITERAL_NULL_CONVERSION = YES;
				CLANG_WARN_OBJC_IMPLICIT_RETAIN_SELF = YES;
				CLANG_WARN_OBJC_LITERAL_CONVERSION = YES;
				CLANG_WARN_OBJC_ROOT_CLASS = YES_ERROR;
				CLANG_WARN_QUOTED_INCLUDE_IN_FRAMEWORK_HEADER = YES;
				CLANG_WARN_RANGE_LOOP_ANALYSIS = YES;
				CLANG_WARN_STRICT_PROTOTYPES = YES;
				CLANG_WARN_SUSPICIOUS_MOVE = YES;
				CLANG_WARN_UNGUARDED_AVAILABILITY = YES_AGGRESSIVE;
				CLANG_WARN_UNREACHABLE_CODE = YES;
				CLANG_WARN__DUPLICATE_METHOD_MATCH = YES;
				COPY_PHASE_STRIP = NO;
				DEBUG_INFORMATION_FORMAT = "dwarf-with-dsym";
				ENABLE_NS_ASSERTIONS = NO;
				ENABLE_STRICT_OBJC_MSGSEND = YES;
				GCC_C_LANGUAGE_STANDARD = gnu11;
				GCC_NO_COMMON_BLOCKS = YES;
				GCC_WARN_64_TO_32_BIT_CONVERSION = YES;
				GCC_WARN_ABOUT_RETURN_TYPE = YES_ERROR;
				GCC_WARN_UNDECLARED_SELECTOR = YES;
				GCC_WARN_UNINITIALIZED_AUTOS = YES_AGGRESSIVE;
				GCC_WARN_UNUSED_FUNCTION = YES;
				GCC_WARN_UNUSED_VARIABLE = YES;
				IPHONEOS_DEPLOYMENT_TARGET = 16.1;
				MTL_ENABLE_DEBUG_INFO = NO;
				MTL_FAST_MATH = YES;
				SDKROOT = iphoneos;
				SWIFT_COMPILATION_MODE = wholemodule;
				SWIFT_OPTIMIZATION_LEVEL = "-O";
				VALIDATE_PRODUCT = YES;
			};
			name = Release;
		};
		FCC2E1E42955E4A000808014 /* Debug */ = {
			isa = XCBuildConfiguration;
			buildSettings = {
				ASSETCATALOG_COMPILER_APPICON_NAME = AppIcon;
				ASSETCATALOG_COMPILER_GLOBAL_ACCENT_COLOR_NAME = AccentColor;
				CODE_SIGN_STYLE = Automatic;
				CURRENT_PROJECT_VERSION = 1;
				GENERATE_INFOPLIST_FILE = YES;
				INFOPLIST_FILE = "HomeWork 8 @IMeanHi/Info.plist";
				INFOPLIST_KEY_UIApplicationSupportsIndirectInputEvents = YES;
				INFOPLIST_KEY_UILaunchStoryboardName = LaunchScreen;
				INFOPLIST_KEY_UIMainStoryboardFile = Main;
				INFOPLIST_KEY_UISupportedInterfaceOrientations_iPad = "UIInterfaceOrientationPortrait UIInterfaceOrientationPortraitUpsideDown UIInterfaceOrientationLandscapeLeft UIInterfaceOrientationLandscapeRight";
				INFOPLIST_KEY_UISupportedInterfaceOrientations_iPhone = "UIInterfaceOrientationPortrait UIInterfaceOrientationLandscapeLeft UIInterfaceOrientationLandscapeRight";
				LD_RUNPATH_SEARCH_PATHS = (
					"$(inherited)",
					"@executable_path/Frameworks",
				);
				MARKETING_VERSION = 1.0;
				PRODUCT_BUNDLE_IDENTIFIER = "app.HomeWork-8--IMeanHi";
				PRODUCT_NAME = "$(TARGET_NAME)";
				SWIFT_EMIT_LOC_STRINGS = YES;
				SWIFT_VERSION = 5.0;
				TARGETED_DEVICE_FAMILY = "1,2";
			};
			name = Debug;
		};
		FCC2E1E52955E4A000808014 /* Release */ = {
			isa = XCBuildConfiguration;
			buildSettings = {
				ASSETCATALOG_COMPILER_APPICON_NAME = AppIcon;
				ASSETCATALOG_COMPILER_GLOBAL_ACCENT_COLOR_NAME = AccentColor;
				CODE_SIGN_STYLE = Automatic;
				CURRENT_PROJECT_VERSION = 1;
				GENERATE_INFOPLIST_FILE = YES;
				INFOPLIST_FILE = "HomeWork 8 @IMeanHi/Info.plist";
				INFOPLIST_KEY_UIApplicationSupportsIndirectInputEvents = YES;
				INFOPLIST_KEY_UILaunchStoryboardName = LaunchScreen;
				INFOPLIST_KEY_UIMainStoryboardFile = Main;
				INFOPLIST_KEY_UISupportedInterfaceOrientations_iPad = "UIInterfaceOrientationPortrait UIInterfaceOrientationPortraitUpsideDown UIInterfaceOrientationLandscapeLeft UIInterfaceOrientationLandscapeRight";
				INFOPLIST_KEY_UISupportedInterfaceOrientations_iPhone = "UIInterfaceOrientationPortrait UIInterfaceOrientationLandscapeLeft UIInterfaceOrientationLandscapeRight";
				LD_RUNPATH_SEARCH_PATHS = (
					"$(inherited)",
					"@executable_path/Frameworks",
				);
				MARKETING_VERSION = 1.0;
				PRODUCT_BUNDLE_IDENTIFIER = "app.HomeWork-8--IMeanHi";
				PRODUCT_NAME = "$(TARGET_NAME)";
				SWIFT_EMIT_LOC_STRINGS = YES;
				SWIFT_VERSION = 5.0;
				TARGETED_DEVICE_FAMILY = "1,2";
			};
			name = Release;
		};
/* End XCBuildConfiguration section */

/* Begin XCConfigurationList section */
		FCC2E1CA2955E49E00808014 /* Build configuration list for PBXProject "HomeWork 8 @IMeanHi" */ = {
			isa = XCConfigurationList;
			buildConfigurations = (
				FCC2E1E12955E4A000808014 /* Debug */,
				FCC2E1E22955E4A000808014 /* Release */,
			);
			defaultConfigurationIsVisible = 0;
			defaultConfigurationName = Release;
		};
		FCC2E1E32955E4A000808014 /* Build configuration list for PBXNativeTarget "HomeWork 8 @IMeanHi" */ = {
			isa = XCConfigurationList;
			buildConfigurations = (
				FCC2E1E42955E4A000808014 /* Debug */,
				FCC2E1E52955E4A000808014 /* Release */,
			);
			defaultConfigurationIsVisible = 0;
			defaultConfigurationName = Release;
		};
/* End XCConfigurationList section */
	};
	rootObject = FCC2E1C72955E49E00808014 /* Project object */;
}
